// !$*UTF8*$!
{
	archiveVersion = 1;
	classes = {
	};
	objectVersion = 48;
	objects = {

/* Begin PBXBuildFile section */
		AAE4F86A1FE074EB007800BB /* AppDelegate.swift in Sources */ = {isa = PBXBuildFile; fileRef = AAE4F8691FE074EB007800BB /* AppDelegate.swift */; };
		AAE4F86C1FE074EB007800BB /* ViewController.swift in Sources */ = {isa = PBXBuildFile; fileRef = AAE4F86B1FE074EB007800BB /* ViewController.swift */; };
		AAE4F86F1FE074EB007800BB /* Main.storyboard in Resources */ = {isa = PBXBuildFile; fileRef = AAE4F86D1FE074EB007800BB /* Main.storyboard */; };
		AAE4F8711FE074EB007800BB /* Assets.xcassets in Resources */ = {isa = PBXBuildFile; fileRef = AAE4F8701FE074EB007800BB /* Assets.xcassets */; };
		AAE4F8741FE074EB007800BB /* LaunchScreen.storyboard in Resources */ = {isa = PBXBuildFile; fileRef = AAE4F8721FE074EB007800BB /* LaunchScreen.storyboard */; };
		AAE4F87F1FE074EB007800BB /* MyParseExampleTests.swift in Sources */ = {isa = PBXBuildFile; fileRef = AAE4F87E1FE074EB007800BB /* MyParseExampleTests.swift */; };
/* End PBXBuildFile section */

/* Begin PBXContainerItemProxy section */
		AAE4F87B1FE074EB007800BB /* PBXContainerItemProxy */ = {
			isa = PBXContainerItemProxy;
			containerPortal = AAE4F85E1FE074EA007800BB /* Project object */;
			proxyType = 1;
			remoteGlobalIDString = AAE4F8651FE074EB007800BB;
			remoteInfo = MyParseExample;
		};
/* End PBXContainerItemProxy section */

/* Begin PBXFileReference section */
		AAE4F8661FE074EB007800BB /* MyParseExample.app */ = {isa = PBXFileReference; explicitFileType = wrapper.application; includeInIndex = 0; path = MyParseExample.app; sourceTree = BUILT_PRODUCTS_DIR; };
		AAE4F8691FE074EB007800BB /* AppDelegate.swift */ = {isa = PBXFileReference; lastKnownFileType = sourcecode.swift; path = AppDelegate.swift; sourceTree = "<group>"; };
		AAE4F86B1FE074EB007800BB /* ViewController.swift */ = {isa = PBXFileReference; lastKnownFileType = sourcecode.swift; path = ViewController.swift; sourceTree = "<group>"; };
		AAE4F86E1FE074EB007800BB /* Base */ = {isa = PBXFileReference; lastKnownFileType = file.storyboard; name = Base; path = Base.lproj/Main.storyboard; sourceTree = "<group>"; };
		AAE4F8701FE074EB007800BB /* Assets.xcassets */ = {isa = PBXFileReference; lastKnownFileType = folder.assetcatalog; path = Assets.xcassets; sourceTree = "<group>"; };
		AAE4F8731FE074EB007800BB /* Base */ = {isa = PBXFileReference; lastKnownFileType = file.storyboard; name = Base; path = Base.lproj/LaunchScreen.storyboard; sourceTree = "<group>"; };
		AAE4F8751FE074EB007800BB /* Info.plist */ = {isa = PBXFileReference; lastKnownFileType = text.plist.xml; path = Info.plist; sourceTree = "<group>"; };
		AAE4F87A1FE074EB007800BB /* MyParseExampleTests.xctest */ = {isa = PBXFileReference; explicitFileType = wrapper.cfbundle; includeInIndex = 0; path = MyParseExampleTests.xctest; sourceTree = BUILT_PRODUCTS_DIR; };
		AAE4F87E1FE074EB007800BB /* MyParseExampleTests.swift */ = {isa = PBXFileReference; lastKnownFileType = sourcecode.swift; path = MyParseExampleTests.swift; sourceTree = "<group>"; };
		AAE4F8801FE074EB007800BB /* Info.plist */ = {isa = PBXFileReference; lastKnownFileType = text.plist.xml; path = Info.plist; sourceTree = "<group>"; };
/* End PBXFileReference section */

/* Begin PBXFrameworksBuildPhase section */
		AAE4F8631FE074EB007800BB /* Frameworks */ = {
			isa = PBXFrameworksBuildPhase;
			buildActionMask = 2147483647;
			files = (
			);
			runOnlyForDeploymentPostprocessing = 0;
		};
		AAE4F8771FE074EB007800BB /* Frameworks */ = {
			isa = PBXFrameworksBuildPhase;
			buildActionMask = 2147483647;
			files = (
			);
			runOnlyForDeploymentPostprocessing = 0;
		};
/* End PBXFrameworksBuildPhase section */

/* Begin PBXGroup section */
		AAE4F85D1FE074EA007800BB = {
			isa = PBXGroup;
			children = (
				AAE4F8681FE074EB007800BB /* MyParseExample */,
				AAE4F87D1FE074EB007800BB /* MyParseExampleTests */,
				AAE4F8671FE074EB007800BB /* Products */,
			);
			sourceTree = "<group>";
		};
		AAE4F8671FE074EB007800BB /* Products */ = {
			isa = PBXGroup;
			children = (
				AAE4F8661FE074EB007800BB /* MyParseExample.app */,
				AAE4F87A1FE074EB007800BB /* MyParseExampleTests.xctest */,
			);
			name = Products;
			sourceTree = "<group>";
		};
		AAE4F8681FE074EB007800BB /* MyParseExample */ = {
			isa = PBXGroup;
			children = (
				AAE4F8691FE074EB007800BB /* AppDelegate.swift */,
				AAE4F86B1FE074EB007800BB /* ViewController.swift */,
				AAE4F86D1FE074EB007800BB /* Main.storyboard */,
				AAE4F8701FE074EB007800BB /* Assets.xcassets */,
				AAE4F8721FE074EB007800BB /* LaunchScreen.storyboard */,
				AAE4F8751FE074EB007800BB /* Info.plist */,
			);
			path = MyParseExample;
			sourceTree = "<group>";
		};
		AAE4F87D1FE074EB007800BB /* MyParseExampleTests */ = {
			isa = PBXGroup;
			children = (
				AAE4F87E1FE074EB007800BB /* MyParseExampleTests.swift */,
				AAE4F8801FE074EB007800BB /* Info.plist */,
			);
			path = MyParseExampleTests;
			sourceTree = "<group>";
		};
/* End PBXGroup section */

/* Begin PBXNativeTarget section */
		AAE4F8651FE074EB007800BB /* MyParseExample */ = {
			isa = PBXNativeTarget;
			buildConfigurationList = AAE4F8831FE074EB007800BB /* Build configuration list for PBXNativeTarget "MyParseExample" */;
			buildPhases = (
				AAE4F8621FE074EB007800BB /* Sources */,
				AAE4F8631FE074EB007800BB /* Frameworks */,
				AAE4F8641FE074EB007800BB /* Resources */,
			);
			buildRules = (
			);
			dependencies = (
			);
			name = MyParseExample;
			productName = MyParseExample;
			productReference = AAE4F8661FE074EB007800BB /* MyParseExample.app */;
			productType = "com.apple.product-type.application";
		};
		AAE4F8791FE074EB007800BB /* MyParseExampleTests */ = {
			isa = PBXNativeTarget;
			buildConfigurationList = AAE4F8861FE074EB007800BB /* Build configuration list for PBXNativeTarget "MyParseExampleTests" */;
			buildPhases = (
				AAE4F8761FE074EB007800BB /* Sources */,
				AAE4F8771FE074EB007800BB /* Frameworks */,
				AAE4F8781FE074EB007800BB /* Resources */,
			);
			buildRules = (
			);
			dependencies = (
				AAE4F87C1FE074EB007800BB /* PBXTargetDependency */,
			);
			name = MyParseExampleTests;
			productName = MyParseExampleTests;
			productReference = AAE4F87A1FE074EB007800BB /* MyParseExampleTests.xctest */;
			productType = "com.apple.product-type.bundle.unit-test";
		};
/* End PBXNativeTarget section */

/* Begin PBXProject section */
		AAE4F85E1FE074EA007800BB /* Project object */ = {
			isa = PBXProject;
			attributes = {
				LastSwiftUpdateCheck = 0920;
				LastUpgradeCheck = 0920;
				ORGANIZATIONNAME = steve;
				TargetAttributes = {
					AAE4F8651FE074EB007800BB = {
						CreatedOnToolsVersion = 9.2;
						ProvisioningStyle = Automatic;
					};
					AAE4F8791FE074EB007800BB = {
						CreatedOnToolsVersion = 9.2;
						ProvisioningStyle = Automatic;
						TestTargetID = AAE4F8651FE074EB007800BB;
					};
				};
			};
			buildConfigurationList = AAE4F8611FE074EA007800BB /* Build configuration list for PBXProject "MyParseExample" */;
			compatibilityVersion = "Xcode 8.0";
			developmentRegion = en;
			hasScannedForEncodings = 0;
			knownRegions = (
				en,
				Base,
			);
			mainGroup = AAE4F85D1FE074EA007800BB;
			productRefGroup = AAE4F8671FE074EB007800BB /* Products */;
			projectDirPath = "";
			projectRoot = "";
			targets = (
				AAE4F8651FE074EB007800BB /* MyParseExample */,
				AAE4F8791FE074EB007800BB /* MyParseExampleTests */,
			);
		};
/* End PBXProject section */

/* Begin PBXResourcesBuildPhase section */
		AAE4F8641FE074EB007800BB /* Resources */ = {
			isa = PBXResourcesBuildPhase;
			buildActionMask = 2147483647;
			files = (
				AAE4F8741FE074EB007800BB /* LaunchScreen.storyboard in Resources */,
				AAE4F8711FE074EB007800BB /* Assets.xcassets in Resources */,
				AAE4F86F1FE074EB007800BB /* Main.storyboard in Resources */,
			);
			runOnlyForDeploymentPostprocessing = 0;
		};
		AAE4F8781FE074EB007800BB /* Resources */ = {
			isa = PBXResourcesBuildPhase;
			buildActionMask = 2147483647;
			files = (
			);
			runOnlyForDeploymentPostprocessing = 0;
		};
/* End PBXResourcesBuildPhase section */

/* Begin PBXSourcesBuildPhase section */
		AAE4F8621FE074EB007800BB /* Sources */ = {
			isa = PBXSourcesBuildPhase;
			buildActionMask = 2147483647;
			files = (
				AAE4F86C1FE074EB007800BB /* ViewController.swift in Sources */,
				AAE4F86A1FE074EB007800BB /* AppDelegate.swift in Sources */,
			);
			runOnlyForDeploymentPostprocessing = 0;
		};
		AAE4F8761FE074EB007800BB /* Sources */ = {
			isa = PBXSourcesBuildPhase;
			buildActionMask = 2147483647;
			files = (
				AAE4F87F1FE074EB007800BB /* MyParseExampleTests.swift in Sources */,
			);
			runOnlyForDeploymentPostprocessing = 0;
		};
/* End PBXSourcesBuildPhase section */

/* Begin PBXTargetDependency section */
		AAE4F87C1FE074EB007800BB /* PBXTargetDependency */ = {
			isa = PBXTargetDependency;
			target = AAE4F8651FE074EB007800BB /* MyParseExample */;
			targetProxy = AAE4F87B1FE074EB007800BB /* PBXContainerItemProxy */;
		};
/* End PBXTargetDependency section */

/* Begin PBXVariantGroup section */
		AAE4F86D1FE074EB007800BB /* Main.storyboard */ = {
			isa = PBXVariantGroup;
			children = (
				AAE4F86E1FE074EB007800BB /* Base */,
			);
			name = Main.storyboard;
			sourceTree = "<group>";
		};
		AAE4F8721FE074EB007800BB /* LaunchScreen.storyboard */ = {
			isa = PBXVariantGroup;
			children = (
				AAE4F8731FE074EB007800BB /* Base */,
			);
			name = LaunchScreen.storyboard;
			sourceTree = "<group>";
		};
/* End PBXVariantGroup section */

/* Begin XCBuildConfiguration section */
		AAE4F8811FE074EB007800BB /* Debug */ = {
			isa = XCBuildConfiguration;
			buildSettings = {
				ALWAYS_SEARCH_USER_PATHS = NO;
				CLANG_ANALYZER_NONNULL = YES;
				CLANG_ANALYZER_NUMBER_OBJECT_CONVERSION = YES_AGGRESSIVE;
				CLANG_CXX_LANGUAGE_STANDARD = "gnu++14";
				CLANG_CXX_LIBRARY = "libc++";
				CLANG_ENABLE_MODULES = YES;
				CLANG_ENABLE_OBJC_ARC = YES;
				CLANG_WARN_BLOCK_CAPTURE_AUTORELEASING = YES;
				CLANG_WARN_BOOL_CONVERSION = YES;
				CLANG_WARN_COMMA = YES;
				CLANG_WARN_CONSTANT_CONVERSION = YES;
				CLANG_WARN_DIRECT_OBJC_ISA_USAGE = YES_ERROR;
				CLANG_WARN_DOCUMENTATION_COMMENTS = YES;
				CLANG_WARN_EMPTY_BODY = YES;
				CLANG_WARN_ENUM_CONVERSION = YES;
				CLANG_WARN_INFINITE_RECURSION = YES;
				CLANG_WARN_INT_CONVERSION = YES;
				CLANG_WARN_NON_LITERAL_NULL_CONVERSION = YES;
				CLANG_WARN_OBJC_LITERAL_CONVERSION = YES;
				CLANG_WARN_OBJC_ROOT_CLASS = YES_ERROR;
				CLANG_WARN_RANGE_LOOP_ANALYSIS = YES;
				CLANG_WARN_STRICT_PROTOTYPES = YES;
				CLANG_WARN_SUSPICIOUS_MOVE = YES;
				CLANG_WARN_UNGUARDED_AVAILABILITY = YES_AGGRESSIVE;
				CLANG_WARN_UNREACHABLE_CODE = YES;
				CLANG_WARN__DUPLICATE_METHOD_MATCH = YES;
				CODE_SIGN_IDENTITY = "iPhone Developer";
				COPY_PHASE_STRIP = NO;
				DEBUG_INFORMATION_FORMAT = dwarf;
				ENABLE_STRICT_OBJC_MSGSEND = YES;
				ENABLE_TESTABILITY = YES;
				GCC_C_LANGUAGE_STANDARD = gnu11;
				GCC_DYNAMIC_NO_PIC = NO;
				GCC_NO_COMMON_BLOCKS = YES;
				GCC_OPTIMIZATION_LEVEL = 0;
				GCC_PREPROCESSOR_DEFINITIONS = (
					"DEBUG=1",
					"$(inherited)",
				);
				GCC_WARN_64_TO_32_BIT_CONVERSION = YES;
				GCC_WARN_ABOUT_RETURN_TYPE = YES_ERROR;
				GCC_WARN_UNDECLARED_SELECTOR = YES;
				GCC_WARN_UNINITIALIZED_AUTOS = YES_AGGRESSIVE;
				GCC_WARN_UNUSED_FUNCTION = YES;
				GCC_WARN_UNUSED_VARIABLE = YES;
				IPHONEOS_DEPLOYMENT_TARGET = 11.2;
				MTL_ENABLE_DEBUG_INFO = YES;
				ONLY_ACTIVE_ARCH = YES;
				SDKROOT = iphoneos;
				SWIFT_ACTIVE_COMPILATION_CONDITIONS = DEBUG;
				SWIFT_OPTIMIZATION_LEVEL = "-Onone";
			};
			name = Debug;
		};
		AAE4F8821FE074EB007800BB /* Release */ = {
			isa = XCBuildConfiguration;
			buildSettings = {
				ALWAYS_SEARCH_USER_PATHS = NO;
				CLANG_ANALYZER_NONNULL = YES;
				CLANG_ANALYZER_NUMBER_OBJECT_CONVERSION = YES_AGGRESSIVE;
				CLANG_CXX_LANGUAGE_STANDARD = "gnu++14";
				CLANG_CXX_LIBRARY = "libc++";
				CLANG_ENABLE_MODULES = YES;
				CLANG_ENABLE_OBJC_ARC = YES;
				CLANG_WARN_BLOCK_CAPTURE_AUTORELEASING = YES;
				CLANG_WARN_BOOL_CONVERSION = YES;
				CLANG_WARN_COMMA = YES;
				CLANG_WARN_CONSTANT_CONVERSION = YES;
				CLANG_WARN_DIRECT_OBJC_ISA_USAGE = YES_ERROR;
				CLANG_WARN_DOCUMENTATION_COMMENTS = YES;
				CLANG_WARN_EMPTY_BODY = YES;
				CLANG_WARN_ENUM_CONVERSION = YES;
				CLANG_WARN_INFINITE_RECURSION = YES;
				CLANG_WARN_INT_CONVERSION = YES;
				CLANG_WARN_NON_LITERAL_NULL_CONVERSION = YES;
				CLANG_WARN_OBJC_LITERAL_CONVERSION = YES;
				CLANG_WARN_OBJC_ROOT_CLASS = YES_ERROR;
				CLANG_WARN_RANGE_LOOP_ANALYSIS = YES;
				CLANG_WARN_STRICT_PROTOTYPES = YES;
				CLANG_WARN_SUSPICIOUS_MOVE = YES;
				CLANG_WARN_UNGUARDED_AVAILABILITY = YES_AGGRESSIVE;
				CLANG_WARN_UNREACHABLE_CODE = YES;
				CLANG_WARN__DUPLICATE_METHOD_MATCH = YES;
				CODE_SIGN_IDENTITY = "iPhone Developer";
				COPY_PHASE_STRIP = NO;
				DEBUG_INFORMATION_FORMAT = "dwarf-with-dsym";
				ENABLE_NS_ASSERTIONS = NO;
				ENABLE_STRICT_OBJC_MSGSEND = YES;
				GCC_C_LANGUAGE_STANDARD = gnu11;
				GCC_NO_COMMON_BLOCKS = YES;
				GCC_WARN_64_TO_32_BIT_CONVERSION = YES;
				GCC_WARN_ABOUT_RETURN_TYPE = YES_ERROR;
				GCC_WARN_UNDECLARED_SELECTOR = YES;
				GCC_WARN_UNINITIALIZED_AUTOS = YES_AGGRESSIVE;
				GCC_WARN_UNUSED_FUNCTION = YES;
				GCC_WARN_UNUSED_VARIABLE = YES;
				IPHONEOS_DEPLOYMENT_TARGET = 11.2;
				MTL_ENABLE_DEBUG_INFO = NO;
				SDKROOT = iphoneos;
				SWIFT_OPTIMIZATION_LEVEL = "-Owholemodule";
				VALIDATE_PRODUCT = YES;
			};
			name = Release;
		};
		AAE4F8841FE074EB007800BB /* Debug */ = {
			isa = XCBuildConfiguration;
			buildSettings = {
				ASSETCATALOG_COMPILER_APPICON_NAME = AppIcon;
				CODE_SIGN_STYLE = Automatic;
				DEVELOPMENT_TEAM = 6D3DA9G4XW;
				INFOPLIST_FILE = MyParseExample/Info.plist;
				LD_RUNPATH_SEARCH_PATHS = "$(inherited) @executable_path/Frameworks";
				PRODUCT_BUNDLE_IDENTIFIER = com.MyParseExample;
				PRODUCT_NAME = "$(TARGET_NAME)";
				SWIFT_VERSION = 4.0;
				TARGETED_DEVICE_FAMILY = "1,2";
			};
			name = Debug;
		};
		AAE4F8851FE074EB007800BB /* Release */ = {
			isa = XCBuildConfiguration;
			buildSettings = {
				ASSETCATALOG_COMPILER_APPICON_NAME = AppIcon;
				CODE_SIGN_STYLE = Automatic;
				DEVELOPMENT_TEAM = 6D3DA9G4XW;
				INFOPLIST_FILE = MyParseExample/Info.plist;
				LD_RUNPATH_SEARCH_PATHS = "$(inherited) @executable_path/Frameworks";
				PRODUCT_BUNDLE_IDENTIFIER = com.MyParseExample;
				PRODUCT_NAME = "$(TARGET_NAME)";
				SWIFT_VERSION = 4.0;
				TARGETED_DEVICE_FAMILY = "1,2";
			};
			name = Release;
		};
		AAE4F8871FE074EB007800BB /* Debug */ = {
			isa = XCBuildConfiguration;
			buildSettings = {
				ALWAYS_EMBED_SWIFT_STANDARD_LIBRARIES = YES;
				BUNDLE_LOADER = "$(TEST_HOST)";
				CODE_SIGN_STYLE = Automatic;
				DEVELOPMENT_TEAM = 6D3DA9G4XW;
				INFOPLIST_FILE = MyParseExampleTests/Info.plist;
				LD_RUNPATH_SEARCH_PATHS = "$(inherited) @executable_path/Frameworks @loader_path/Frameworks";
				PRODUCT_BUNDLE_IDENTIFIER = com.MyParseExampleTests;
				PRODUCT_NAME = "$(TARGET_NAME)";
				SWIFT_VERSION = 4.0;
				TARGETED_DEVICE_FAMILY = "1,2";
				TEST_HOST = "$(BUILT_PRODUCTS_DIR)/MyParseExample.app/MyParseExample";
			};
			name = Debug;
		};
		AAE4F8881FE074EB007800BB /* Release */ = {
			isa = XCBuildConfiguration;
			buildSettings = {
				ALWAYS_EMBED_SWIFT_STANDARD_LIBRARIES = YES;
				BUNDLE_LOADER = "$(TEST_HOST)";
				CODE_SIGN_STYLE = Automatic;
				DEVELOPMENT_TEAM = 6D3DA9G4XW;
				INFOPLIST_FILE = MyParseExampleTests/Info.plist;
				LD_RUNPATH_SEARCH_PATHS = "$(inherited) @executable_path/Frameworks @loader_path/Frameworks";
				PRODUCT_BUNDLE_IDENTIFIER = com.MyParseExampleTests;
				PRODUCT_NAME = "$(TARGET_NAME)";
				SWIFT_VERSION = 4.0;
				TARGETED_DEVICE_FAMILY = "1,2";
				TEST_HOST = "$(BUILT_PRODUCTS_DIR)/MyParseExample.app/MyParseExample";
			};
			name = Release;
		};
/* End XCBuildConfiguration section */

/* Begin XCConfigurationList section */
		AAE4F8611FE074EA007800BB /* Build configuration list for PBXProject "MyParseExample" */ = {
			isa = XCConfigurationList;
			buildConfigurations = (
				AAE4F8811FE074EB007800BB /* Debug */,
				AAE4F8821FE074EB007800BB /* Release */,
			);
			defaultConfigurationIsVisible = 0;
			defaultConfigurationName = Release;
		};
		AAE4F8831FE074EB007800BB /* Build configuration list for PBXNativeTarget "MyParseExample" */ = {
			isa = XCConfigurationList;
			buildConfigurations = (
				AAE4F8841FE074EB007800BB /* Debug */,
				AAE4F8851FE074EB007800BB /* Release */,
			);
			defaultConfigurationIsVisible = 0;
			defaultConfigurationName = Release;
		};
		AAE4F8861FE074EB007800BB /* Build configuration list for PBXNativeTarget "MyParseExampleTests" */ = {
			isa = XCConfigurationList;
			buildConfigurations = (
				AAE4F8871FE074EB007800BB /* Debug */,
				AAE4F8881FE074EB007800BB /* Release */,
			);
			defaultConfigurationIsVisible = 0;
			defaultConfigurationName = Release;
		};
/* End XCConfigurationList section */
	};
	rootObject = AAE4F85E1FE074EA007800BB /* Project object */;
}
